
Microsoft Visual Studio Solution File, Format Version 12.00
# Visual Studio 15
VisualStudioVersion = 15.0.26020.0
MinimumVisualStudioVersion = 10.0.40219.1
Project("{FAE04EC0-301F-11D3-BF4B-00C04F79EFBC}") = "Lab1_1_CS", "Lab1_1_CS\Lab1_1_CS.csproj", "{DFB3F82D-1373-43E5-9588-AF0F2202EE9E}"
EndProject
Project("{F184B08F-C81C-45F6-A57F-5ABD9991F28F}") = "Lab1_1_VB", "Lab1_1_VB\Lab1_1_VB.vbproj", "{3664BC3B-72D4-466A-8E2B-79619EC836BA}"
EndProject
Project("{FAE04EC0-301F-11D3-BF4B-00C04F79EFBC}") = "Lab2_1", "Lab2_1\Lab2_1.csproj", "{9ABAFB4C-743E-449E-9374-C4551ED8C2F1}"
EndProject
Project("{FAE04EC0-301F-11D3-BF4B-00C04F79EFBC}") = "Lab2_2", "Lab2_2\Lab2_2.csproj", "{8847DF0C-E504-4679-9857-C57EB1B84D1D}"
EndProject
Project("{FAE04EC0-301F-11D3-BF4B-00C04F79EFBC}") = "Lab2_3", "Lab2_3\Lab2_3.csproj", "{5DC81A2C-E0D8-480C-98B1-850C00ECA409}"
EndProject
Project("{FAE04EC0-301F-11D3-BF4B-00C04F79EFBC}") = "Lab2_4", "Lab2_4\Lab2_4.csproj", "{12F8B94D-9D94-4EFD-A7BD-3662D0F89149}"
EndProject
Project("{FAE04EC0-301F-11D3-BF4B-00C04F79EFBC}") = "Lab3_1", "Lab3_1\Lab3_1.csproj", "{A26A4EA9-61CC-4D9E-B72E-B06179491238}"
EndProject
Project("{FAE04EC0-301F-11D3-BF4B-00C04F79EFBC}") = "Lab3_2", "Lab3_2\Lab3_2.csproj", "{8ED2E83A-3AD2-437B-ABB9-93060ACC71D9}"
EndProject
Project("{FAE04EC0-301F-11D3-BF4B-00C04F79EFBC}") = "Lab3_3", "Lab3_3\Lab3_3.csproj", "{8C8A616A-D8FA-47D8-81D2-19BAAA96C161}"
EndProject
Project("{FAE04EC0-301F-11D3-BF4B-00C04F79EFBC}") = "Lab3_4", "Lab3_4\Lab3_4.csproj", "{13D115A8-8404-4FDA-9451-D4F8FB006D94}"
EndProject
Project("{FAE04EC0-301F-11D3-BF4B-00C04F79EFBC}") = "Lab3_5", "Lab3_5\Lab3_5.csproj", "{B58D452C-855B-4D1D-92AB-DDD214CFC1BD}"
EndProject
Project("{FAE04EC0-301F-11D3-BF4B-00C04F79EFBC}") = "Lab3_6", "Lab3_6\Lab3_6.csproj", "{C3098E56-A967-4045-ABF0-96FBD5DA5FDB}"
EndProject
Global
	GlobalSection(SolutionConfigurationPlatforms) = preSolution
		Debug|Any CPU = Debug|Any CPU
		Release|Any CPU = Release|Any CPU
	EndGlobalSection
	GlobalSection(ProjectConfigurationPlatforms) = postSolution
		{DFB3F82D-1373-43E5-9588-AF0F2202EE9E}.Debug|Any CPU.ActiveCfg = Debug|Any CPU
		{DFB3F82D-1373-43E5-9588-AF0F2202EE9E}.Debug|Any CPU.Build.0 = Debug|Any CPU
		{DFB3F82D-1373-43E5-9588-AF0F2202EE9E}.Release|Any CPU.ActiveCfg = Release|Any CPU
		{DFB3F82D-1373-43E5-9588-AF0F2202EE9E}.Release|Any CPU.Build.0 = Release|Any CPU
		{3664BC3B-72D4-466A-8E2B-79619EC836BA}.Debug|Any CPU.ActiveCfg = Debug|Any CPU
		{3664BC3B-72D4-466A-8E2B-79619EC836BA}.Debug|Any CPU.Build.0 = Debug|Any CPU
		{3664BC3B-72D4-466A-8E2B-79619EC836BA}.Release|Any CPU.ActiveCfg = Release|Any CPU
		{3664BC3B-72D4-466A-8E2B-79619EC836BA}.Release|Any CPU.Build.0 = Release|Any CPU
		{9ABAFB4C-743E-449E-9374-C4551ED8C2F1}.Debug|Any CPU.ActiveCfg = Debug|Any CPU
		{9ABAFB4C-743E-449E-9374-C4551ED8C2F1}.Debug|Any CPU.Build.0 = Debug|Any CPU
		{9ABAFB4C-743E-449E-9374-C4551ED8C2F1}.Release|Any CPU.ActiveCfg = Release|Any CPU
		{9ABAFB4C-743E-449E-9374-C4551ED8C2F1}.Release|Any CPU.Build.0 = Release|Any CPU
		{8847DF0C-E504-4679-9857-C57EB1B84D1D}.Debug|Any CPU.ActiveCfg = Debug|Any CPU
		{8847DF0C-E504-4679-9857-C57EB1B84D1D}.Debug|Any CPU.Build.0 = Debug|Any CPU
		{8847DF0C-E504-4679-9857-C57EB1B84D1D}.Release|Any CPU.ActiveCfg = Release|Any CPU
		{8847DF0C-E504-4679-9857-C57EB1B84D1D}.Release|Any CPU.Build.0 = Release|Any CPU
		{5DC81A2C-E0D8-480C-98B1-850C00ECA409}.Debug|Any CPU.ActiveCfg = Debug|Any CPU
		{5DC81A2C-E0D8-480C-98B1-850C00ECA409}.Debug|Any CPU.Build.0 = Debug|Any CPU
		{5DC81A2C-E0D8-480C-98B1-850C00ECA409}.Release|Any CPU.ActiveCfg = Release|Any CPU
		{5DC81A2C-E0D8-480C-98B1-850C00ECA409}.Release|Any CPU.Build.0 = Release|Any CPU
		{12F8B94D-9D94-4EFD-A7BD-3662D0F89149}.Debug|Any CPU.ActiveCfg = Debug|Any CPU
		{12F8B94D-9D94-4EFD-A7BD-3662D0F89149}.Debug|Any CPU.Build.0 = Debug|Any CPU
		{12F8B94D-9D94-4EFD-A7BD-3662D0F89149}.Release|Any CPU.ActiveCfg = Release|Any CPU
		{12F8B94D-9D94-4EFD-A7BD-3662D0F89149}.Release|Any CPU.Build.0 = Release|Any CPU
		{A26A4EA9-61CC-4D9E-B72E-B06179491238}.Debug|Any CPU.ActiveCfg = Debug|Any CPU
		{A26A4EA9-61CC-4D9E-B72E-B06179491238}.Debug|Any CPU.Build.0 = Debug|Any CPU
		{A26A4EA9-61CC-4D9E-B72E-B06179491238}.Release|Any CPU.ActiveCfg = Release|Any CPU
		{A26A4EA9-61CC-4D9E-B72E-B06179491238}.Release|Any CPU.Build.0 = Release|Any CPU
		{8ED2E83A-3AD2-437B-ABB9-93060ACC71D9}.Debug|Any CPU.ActiveCfg = Debug|Any CPU
		{8ED2E83A-3AD2-437B-ABB9-93060ACC71D9}.Debug|Any CPU.Build.0 = Debug|Any CPU
		{8ED2E83A-3AD2-437B-ABB9-93060ACC71D9}.Release|Any CPU.ActiveCfg = Release|Any CPU
		{8ED2E83A-3AD2-437B-ABB9-93060ACC71D9}.Release|Any CPU.Build.0 = Release|Any CPU
		{8C8A616A-D8FA-47D8-81D2-19BAAA96C161}.Debug|Any CPU.ActiveCfg = Debug|Any CPU
		{8C8A616A-D8FA-47D8-81D2-19BAAA96C161}.Debug|Any CPU.Build.0 = Debug|Any CPU
		{8C8A616A-D8FA-47D8-81D2-19BAAA96C161}.Release|Any CPU.ActiveCfg = Release|Any CPU
		{8C8A616A-D8FA-47D8-81D2-19BAAA96C161}.Release|Any CPU.Build.0 = Release|Any CPU
		{13D115A8-8404-4FDA-9451-D4F8FB006D94}.Debug|Any CPU.ActiveCfg = Debug|Any CPU
		{13D115A8-8404-4FDA-9451-D4F8FB006D94}.Debug|Any CPU.Build.0 = Debug|Any CPU
		{13D115A8-8404-4FDA-9451-D4F8FB006D94}.Release|Any CPU.ActiveCfg = Release|Any CPU
		{13D115A8-8404-4FDA-9451-D4F8FB006D94}.Release|Any CPU.Build.0 = Release|Any CPU
		{B58D452C-855B-4D1D-92AB-DDD214CFC1BD}.Debug|Any CPU.ActiveCfg = Debug|Any CPU
		{B58D452C-855B-4D1D-92AB-DDD214CFC1BD}.Debug|Any CPU.Build.0 = Debug|Any CPU
		{B58D452C-855B-4D1D-92AB-DDD214CFC1BD}.Release|Any CPU.ActiveCfg = Release|Any CPU
		{B58D452C-855B-4D1D-92AB-DDD214CFC1BD}.Release|Any CPU.Build.0 = Release|Any CPU
		{C3098E56-A967-4045-ABF0-96FBD5DA5FDB}.Debug|Any CPU.ActiveCfg = Debug|Any CPU
		{C3098E56-A967-4045-ABF0-96FBD5DA5FDB}.Debug|Any CPU.Build.0 = Debug|Any CPU
		{C3098E56-A967-4045-ABF0-96FBD5DA5FDB}.Release|Any CPU.ActiveCfg = Release|Any CPU
		{C3098E56-A967-4045-ABF0-96FBD5DA5FDB}.Release|Any CPU.Build.0 = Release|Any CPU
	EndGlobalSection
	GlobalSection(SolutionProperties) = preSolution
		HideSolutionNode = FALSE
	EndGlobalSection
EndGlobal
